
Microsoft Visual Studio Solution File, Format Version 12.00
# Visual Studio Version 16
VisualStudioVersion = 16.0.31624.102
MinimumVisualStudioVersion = 10.0.40219.1
Project("{FAE04EC0-301F-11D3-BF4B-00C04F79EFBC}") = "SFireSystems", "SFireSystems\SFireSystems.csproj", "{757EB05D-41C5-46F8-A2CA-9B197DAAD80C}"
EndProject
Global
	GlobalSection(SolutionConfigurationPlatforms) = preSolution
		Debug|Any CPU = Debug|Any CPU
		Release|Any CPU = Release|Any CPU
	EndGlobalSection
	GlobalSection(ProjectConfigurationPlatforms) = postSolution
		{757EB05D-41C5-46F8-A2CA-9B197DAAD80C}.Debug|Any CPU.ActiveCfg = Debug|Any CPU
		{757EB05D-41C5-46F8-A2CA-9B197DAAD80C}.Debug|Any CPU.Build.0 = Debug|Any CPU
		{757EB05D-41C5-46F8-A2CA-9B197DAAD80C}.Release|Any CPU.ActiveCfg = Release|Any CPU
		{757EB05D-41C5-46F8-A2CA-9B197DAAD80C}.Release|Any CPU.Build.0 = Release|Any CPU
	EndGlobalSection
	GlobalSection(SolutionProperties) = preSolution
		HideSolutionNode = FALSE
	EndGlobalSection
	GlobalSection(ExtensibilityGlobals) = postSolution
		SolutionGuid = {B4208DCA-FD45-407A-AD83-4F9FF1D3ECC4}
	EndGlobalSection
EndGlobal
